
Microsoft Visual Studio Solution File, Format Version 12.00
# Visual Studio 2013
VisualStudioVersion = 12.0.31101.0
MinimumVisualStudioVersion = 10.0.40219.1
Project("{2150E333-8FDC-42A3-9474-1A3956D46DE8}") = "CKONTO", "CKONTO", "{3B313FA6-0D07-4298-8957-152CF17C864B}"
EndProject
Project("{00D1A9C2-B5F0-4AF3-8072-F6C62B433612}") = "SemaNewsDB", "SemaNewsDB\SemaNewsDB.sqlproj", "{00FB1668-71FE-4921-ADDD-1F457AD790A5}"
EndProject
Project("{FAE04EC0-301F-11D3-BF4B-00C04F79EFBC}") = "SemaNewsWeb", "SemaNewsWeb\SemaNewsWeb.csproj", "{81101D2F-FBA1-461B-9CAC-60AB9FBDE267}"
EndProject
Project("{FAE04EC0-301F-11D3-BF4B-00C04F79EFBC}") = "SemaNewsCore", "SemaNewsCore\SemaNewsCore.csproj", "{A177196A-EC5B-4EE3-A941-976C684216EF}"
EndProject
Project("{FAE04EC0-301F-11D3-BF4B-00C04F79EFBC}") = "SemaNews.Utilities", "SemaNews.Utilities\SemaNews.Utilities.csproj", "{882DEA08-6BB9-4C05-9E07-9F49F817DB02}"
EndProject
Project("{FAE04EC0-301F-11D3-BF4B-00C04F79EFBC}") = "SemaNewsSearchEngine", "SemaNewsSearchEngine\SemaNewsSearchEngine.csproj", "{FC8F0027-CEE4-43FF-AE1F-3D07DB0DA098}"
EndProject
Project("{FAE04EC0-301F-11D3-BF4B-00C04F79EFBC}") = "SemaNews.Collector", "SemaNews.Collector\SemaNews.Collector.csproj", "{7E425493-F787-4A1B-84BC-026FE35AD4A4}"
EndProject
Project("{FAE04EC0-301F-11D3-BF4B-00C04F79EFBC}") = "SemaNews.CollectorEditor", "SemaNews.CollectorEditor\SemaNews.CollectorEditor.csproj", "{5D481918-2CCE-455F-8C62-E1BC7827148B}"
EndProject
Project("{FAE04EC0-301F-11D3-BF4B-00C04F79EFBC}") = "CreateKeyphraseGraphLibrary", "CKONTO\CreateKeyphraseGraphLibrary\CreateKeyphraseGraphLibrary.csproj", "{CBB7CF77-EA43-40D2-9E83-D38424A80D1F}"
EndProject
Project("{FAE04EC0-301F-11D3-BF4B-00C04F79EFBC}") = "SearchLibrary", "CKONTO\SearchLibrary\SearchLibrary.csproj", "{E4CEBE7E-E9FA-4864-8468-67423AE4A573}"
EndProject
Project("{2150E333-8FDC-42A3-9474-1A3956D46DE8}") = "DesktopApp", "DesktopApp", "{3129A9C0-6FCB-442D-99D2-D7F243C7363C}"
EndProject
Project("{2150E333-8FDC-42A3-9474-1A3956D46DE8}") = "Web", "Web", "{6C5CA878-8FEA-4FF0-B9D1-CD69E7F1F306}"
EndProject
Project("{2150E333-8FDC-42A3-9474-1A3956D46DE8}") = "Core", "Core", "{B5240816-3215-46B4-832A-A71D58FE7B62}"
EndProject
Project("{2150E333-8FDC-42A3-9474-1A3956D46DE8}") = ".nuget", ".nuget", "{7CC56F22-E1B5-4C7A-B837-D41C3BB97A2E}"
	ProjectSection(SolutionItems) = preProject
		.nuget\NuGet.Config = .nuget\NuGet.Config
		.nuget\NuGet.exe = .nuget\NuGet.exe
		.nuget\NuGet.targets = .nuget\NuGet.targets
	EndProjectSection
EndProject
Project("{6141683F-8A12-4E36-9623-2EB02B2C2303}") = "Setup", "Setup\Setup.isproj", "{3DC9520E-3854-4543-B767-8CD37510DD98}"
EndProject
Global
	GlobalSection(SolutionConfigurationPlatforms) = preSolution
		CD_ROM|Any CPU = CD_ROM|Any CPU
		Debug|Any CPU = Debug|Any CPU
		DVD-5|Any CPU = DVD-5|Any CPU
		Release|Any CPU = Release|Any CPU
		SingleImage|Any CPU = SingleImage|Any CPU
		Vu|Any CPU = Vu|Any CPU
	EndGlobalSection
	GlobalSection(ProjectConfigurationPlatforms) = postSolution
		{00FB1668-71FE-4921-ADDD-1F457AD790A5}.CD_ROM|Any CPU.ActiveCfg = Release|Any CPU
		{00FB1668-71FE-4921-ADDD-1F457AD790A5}.Debug|Any CPU.ActiveCfg = Debug|Any CPU
		{00FB1668-71FE-4921-ADDD-1F457AD790A5}.Debug|Any CPU.Build.0 = Debug|Any CPU
		{00FB1668-71FE-4921-ADDD-1F457AD790A5}.Debug|Any CPU.Deploy.0 = Debug|Any CPU
		{00FB1668-71FE-4921-ADDD-1F457AD790A5}.DVD-5|Any CPU.ActiveCfg = Debug|Any CPU
		{00FB1668-71FE-4921-ADDD-1F457AD790A5}.Release|Any CPU.ActiveCfg = Release|Any CPU
		{00FB1668-71FE-4921-ADDD-1F457AD790A5}.Release|Any CPU.Build.0 = Release|Any CPU
		{00FB1668-71FE-4921-ADDD-1F457AD790A5}.Release|Any CPU.Deploy.0 = Release|Any CPU
		{00FB1668-71FE-4921-ADDD-1F457AD790A5}.SingleImage|Any CPU.ActiveCfg = Release|Any CPU
		{00FB1668-71FE-4921-ADDD-1F457AD790A5}.Vu|Any CPU.ActiveCfg = Release|Any CPU
		{81101D2F-FBA1-461B-9CAC-60AB9FBDE267}.CD_ROM|Any CPU.ActiveCfg = Vu|Any CPU
		{81101D2F-FBA1-461B-9CAC-60AB9FBDE267}.CD_ROM|Any CPU.Build.0 = Vu|Any CPU
		{81101D2F-FBA1-461B-9CAC-60AB9FBDE267}.Debug|Any CPU.ActiveCfg = Debug|Any CPU
		{81101D2F-FBA1-461B-9CAC-60AB9FBDE267}.Debug|Any CPU.Build.0 = Debug|Any CPU
		{81101D2F-FBA1-461B-9CAC-60AB9FBDE267}.DVD-5|Any CPU.ActiveCfg = Debug|Any CPU
		{81101D2F-FBA1-461B-9CAC-60AB9FBDE267}.DVD-5|Any CPU.Build.0 = Debug|Any CPU
		{81101D2F-FBA1-461B-9CAC-60AB9FBDE267}.Release|Any CPU.ActiveCfg = Release|Any CPU
		{81101D2F-FBA1-461B-9CAC-60AB9FBDE267}.Release|Any CPU.Build.0 = Release|Any CPU
		{81101D2F-FBA1-461B-9CAC-60AB9FBDE267}.SingleImage|Any CPU.ActiveCfg = Vu|Any CPU
		{81101D2F-FBA1-461B-9CAC-60AB9FBDE267}.SingleImage|Any CPU.Build.0 = Vu|Any CPU
		{81101D2F-FBA1-461B-9CAC-60AB9FBDE267}.Vu|Any CPU.ActiveCfg = Vu|Any CPU
		{81101D2F-FBA1-461B-9CAC-60AB9FBDE267}.Vu|Any CPU.Build.0 = Vu|Any CPU
		{A177196A-EC5B-4EE3-A941-976C684216EF}.CD_ROM|Any CPU.ActiveCfg = Vu|Any CPU
		{A177196A-EC5B-4EE3-A941-976C684216EF}.CD_ROM|Any CPU.Build.0 = Vu|Any CPU
		{A177196A-EC5B-4EE3-A941-976C684216EF}.Debug|Any CPU.ActiveCfg = Debug|Any CPU
		{A177196A-EC5B-4EE3-A941-976C684216EF}.Debug|Any CPU.Build.0 = Debug|Any CPU
		{A177196A-EC5B-4EE3-A941-976C684216EF}.DVD-5|Any CPU.ActiveCfg = Debug|Any CPU
		{A177196A-EC5B-4EE3-A941-976C684216EF}.DVD-5|Any CPU.Build.0 = Debug|Any CPU
		{A177196A-EC5B-4EE3-A941-976C684216EF}.Release|Any CPU.ActiveCfg = Release|Any CPU
		{A177196A-EC5B-4EE3-A941-976C684216EF}.Release|Any CPU.Build.0 = Release|Any CPU
		{A177196A-EC5B-4EE3-A941-976C684216EF}.SingleImage|Any CPU.ActiveCfg = Vu|Any CPU
		{A177196A-EC5B-4EE3-A941-976C684216EF}.SingleImage|Any CPU.Build.0 = Vu|Any CPU
		{A177196A-EC5B-4EE3-A941-976C684216EF}.Vu|Any CPU.ActiveCfg = Vu|Any CPU
		{A177196A-EC5B-4EE3-A941-976C684216EF}.Vu|Any CPU.Build.0 = Vu|Any CPU
		{882DEA08-6BB9-4C05-9E07-9F49F817DB02}.CD_ROM|Any CPU.ActiveCfg = Vu|Any CPU
		{882DEA08-6BB9-4C05-9E07-9F49F817DB02}.CD_ROM|Any CPU.Build.0 = Vu|Any CPU
		{882DEA08-6BB9-4C05-9E07-9F49F817DB02}.Debug|Any CPU.ActiveCfg = Debug|Any CPU
		{882DEA08-6BB9-4C05-9E07-9F49F817DB02}.Debug|Any CPU.Build.0 = Debug|Any CPU
		{882DEA08-6BB9-4C05-9E07-9F49F817DB02}.DVD-5|Any CPU.ActiveCfg = Debug|Any CPU
		{882DEA08-6BB9-4C05-9E07-9F49F817DB02}.DVD-5|Any CPU.Build.0 = Debug|Any CPU
		{882DEA08-6BB9-4C05-9E07-9F49F817DB02}.Release|Any CPU.ActiveCfg = Release|Any CPU
		{882DEA08-6BB9-4C05-9E07-9F49F817DB02}.Release|Any CPU.Build.0 = Release|Any CPU
		{882DEA08-6BB9-4C05-9E07-9F49F817DB02}.SingleImage|Any CPU.ActiveCfg = Vu|Any CPU
		{882DEA08-6BB9-4C05-9E07-9F49F817DB02}.SingleImage|Any CPU.Build.0 = Vu|Any CPU
		{882DEA08-6BB9-4C05-9E07-9F49F817DB02}.Vu|Any CPU.ActiveCfg = Vu|Any CPU
		{882DEA08-6BB9-4C05-9E07-9F49F817DB02}.Vu|Any CPU.Build.0 = Vu|Any CPU
		{FC8F0027-CEE4-43FF-AE1F-3D07DB0DA098}.CD_ROM|Any CPU.ActiveCfg = Vu|Any CPU
		{FC8F0027-CEE4-43FF-AE1F-3D07DB0DA098}.CD_ROM|Any CPU.Build.0 = Vu|Any CPU
		{FC8F0027-CEE4-43FF-AE1F-3D07DB0DA098}.Debug|Any CPU.ActiveCfg = Debug|Any CPU
		{FC8F0027-CEE4-43FF-AE1F-3D07DB0DA098}.Debug|Any CPU.Build.0 = Debug|Any CPU
		{FC8F0027-CEE4-43FF-AE1F-3D07DB0DA098}.DVD-5|Any CPU.ActiveCfg = Debug|Any CPU
		{FC8F0027-CEE4-43FF-AE1F-3D07DB0DA098}.DVD-5|Any CPU.Build.0 = Debug|Any CPU
		{FC8F0027-CEE4-43FF-AE1F-3D07DB0DA098}.Release|Any CPU.ActiveCfg = Release|Any CPU
		{FC8F0027-CEE4-43FF-AE1F-3D07DB0DA098}.Release|Any CPU.Build.0 = Release|Any CPU
		{FC8F0027-CEE4-43FF-AE1F-3D07DB0DA098}.SingleImage|Any CPU.ActiveCfg = Vu|Any CPU
		{FC8F0027-CEE4-43FF-AE1F-3D07DB0DA098}.SingleImage|Any CPU.Build.0 = Vu|Any CPU
		{FC8F0027-CEE4-43FF-AE1F-3D07DB0DA098}.Vu|Any CPU.ActiveCfg = Vu|Any CPU
		{FC8F0027-CEE4-43FF-AE1F-3D07DB0DA098}.Vu|Any CPU.Build.0 = Vu|Any CPU
		{7E425493-F787-4A1B-84BC-026FE35AD4A4}.CD_ROM|Any CPU.ActiveCfg = Vu|Any CPU
		{7E425493-F787-4A1B-84BC-026FE35AD4A4}.CD_ROM|Any CPU.Build.0 = Vu|Any CPU
		{7E425493-F787-4A1B-84BC-026FE35AD4A4}.Debug|Any CPU.ActiveCfg = Debug|Any CPU
		{7E425493-F787-4A1B-84BC-026FE35AD4A4}.Debug|Any CPU.Build.0 = Debug|Any CPU
		{7E425493-F787-4A1B-84BC-026FE35AD4A4}.DVD-5|Any CPU.ActiveCfg = Debug|Any CPU
		{7E425493-F787-4A1B-84BC-026FE35AD4A4}.DVD-5|Any CPU.Build.0 = Debug|Any CPU
		{7E425493-F787-4A1B-84BC-026FE35AD4A4}.Release|Any CPU.ActiveCfg = Release|Any CPU
		{7E425493-F787-4A1B-84BC-026FE35AD4A4}.Release|Any CPU.Build.0 = Release|Any CPU
		{7E425493-F787-4A1B-84BC-026FE35AD4A4}.SingleImage|Any CPU.ActiveCfg = Vu|Any CPU
		{7E425493-F787-4A1B-84BC-026FE35AD4A4}.SingleImage|Any CPU.Build.0 = Vu|Any CPU
		{7E425493-F787-4A1B-84BC-026FE35AD4A4}.Vu|Any CPU.ActiveCfg = Vu|Any CPU
		{7E425493-F787-4A1B-84BC-026FE35AD4A4}.Vu|Any CPU.Build.0 = Vu|Any CPU
		{5D481918-2CCE-455F-8C62-E1BC7827148B}.CD_ROM|Any CPU.ActiveCfg = Vu|Any CPU
		{5D481918-2CCE-455F-8C62-E1BC7827148B}.CD_ROM|Any CPU.Build.0 = Vu|Any CPU
		{5D481918-2CCE-455F-8C62-E1BC7827148B}.Debug|Any CPU.ActiveCfg = Debug|Any CPU
		{5D481918-2CCE-455F-8C62-E1BC7827148B}.Debug|Any CPU.Build.0 = Debug|Any CPU
		{5D481918-2CCE-455F-8C62-E1BC7827148B}.DVD-5|Any CPU.ActiveCfg = Debug|Any CPU
		{5D481918-2CCE-455F-8C62-E1BC7827148B}.DVD-5|Any CPU.Build.0 = Debug|Any CPU
		{5D481918-2CCE-455F-8C62-E1BC7827148B}.Release|Any CPU.ActiveCfg = Release|Any CPU
		{5D481918-2CCE-455F-8C62-E1BC7827148B}.Release|Any CPU.Build.0 = Release|Any CPU
		{5D481918-2CCE-455F-8C62-E1BC7827148B}.SingleImage|Any CPU.ActiveCfg = Vu|Any CPU
		{5D481918-2CCE-455F-8C62-E1BC7827148B}.SingleImage|Any CPU.Build.0 = Vu|Any CPU
		{5D481918-2CCE-455F-8C62-E1BC7827148B}.Vu|Any CPU.ActiveCfg = Vu|Any CPU
		{5D481918-2CCE-455F-8C62-E1BC7827148B}.Vu|Any CPU.Build.0 = Vu|Any CPU
		{CBB7CF77-EA43-40D2-9E83-D38424A80D1F}.CD_ROM|Any CPU.ActiveCfg = Vu|Any CPU
		{CBB7CF77-EA43-40D2-9E83-D38424A80D1F}.CD_ROM|Any CPU.Build.0 = Vu|Any CPU
		{CBB7CF77-EA43-40D2-9E83-D38424A80D1F}.Debug|Any CPU.ActiveCfg = Debug|Any CPU
		{CBB7CF77-EA43-40D2-9E83-D38424A80D1F}.Debug|Any CPU.Build.0 = Debug|Any CPU
		{CBB7CF77-EA43-40D2-9E83-D38424A80D1F}.DVD-5|Any CPU.ActiveCfg = Debug|Any CPU
		{CBB7CF77-EA43-40D2-9E83-D38424A80D1F}.DVD-5|Any CPU.Build.0 = Debug|Any CPU
		{CBB7CF77-EA43-40D2-9E83-D38424A80D1F}.Release|Any CPU.ActiveCfg = Release|Any CPU
		{CBB7CF77-EA43-40D2-9E83-D38424A80D1F}.Release|Any CPU.Build.0 = Release|Any CPU
		{CBB7CF77-EA43-40D2-9E83-D38424A80D1F}.SingleImage|Any CPU.ActiveCfg = Vu|Any CPU
		{CBB7CF77-EA43-40D2-9E83-D38424A80D1F}.SingleImage|Any CPU.Build.0 = Vu|Any CPU
		{CBB7CF77-EA43-40D2-9E83-D38424A80D1F}.Vu|Any CPU.ActiveCfg = Vu|Any CPU
		{CBB7CF77-EA43-40D2-9E83-D38424A80D1F}.Vu|Any CPU.Build.0 = Vu|Any CPU
		{E4CEBE7E-E9FA-4864-8468-67423AE4A573}.CD_ROM|Any CPU.ActiveCfg = Vu|Any CPU
		{E4CEBE7E-E9FA-4864-8468-67423AE4A573}.CD_ROM|Any CPU.Build.0 = Vu|Any CPU
		{E4CEBE7E-E9FA-4864-8468-67423AE4A573}.Debug|Any CPU.ActiveCfg = Debug|Any CPU
		{E4CEBE7E-E9FA-4864-8468-67423AE4A573}.Debug|Any CPU.Build.0 = Debug|Any CPU
		{E4CEBE7E-E9FA-4864-8468-67423AE4A573}.DVD-5|Any CPU.ActiveCfg = Debug|Any CPU
		{E4CEBE7E-E9FA-4864-8468-67423AE4A573}.DVD-5|Any CPU.Build.0 = Debug|Any CPU
		{E4CEBE7E-E9FA-4864-8468-67423AE4A573}.Release|Any CPU.ActiveCfg = Release|Any CPU
		{E4CEBE7E-E9FA-4864-8468-67423AE4A573}.Release|Any CPU.Build.0 = Release|Any CPU
		{E4CEBE7E-E9FA-4864-8468-67423AE4A573}.SingleImage|Any CPU.ActiveCfg = Vu|Any CPU
		{E4CEBE7E-E9FA-4864-8468-67423AE4A573}.SingleImage|Any CPU.Build.0 = Vu|Any CPU
		{E4CEBE7E-E9FA-4864-8468-67423AE4A573}.Vu|Any CPU.ActiveCfg = Vu|Any CPU
		{E4CEBE7E-E9FA-4864-8468-67423AE4A573}.Vu|Any CPU.Build.0 = Vu|Any CPU
		{3DC9520E-3854-4543-B767-8CD37510DD98}.CD_ROM|Any CPU.ActiveCfg = CD_ROM
		{3DC9520E-3854-4543-B767-8CD37510DD98}.CD_ROM|Any CPU.Build.0 = CD_ROM
		{3DC9520E-3854-4543-B767-8CD37510DD98}.Debug|Any CPU.ActiveCfg = DVD-5
		{3DC9520E-3854-4543-B767-8CD37510DD98}.Debug|Any CPU.Build.0 = DVD-5
		{3DC9520E-3854-4543-B767-8CD37510DD98}.DVD-5|Any CPU.ActiveCfg = DVD-5
		{3DC9520E-3854-4543-B767-8CD37510DD98}.DVD-5|Any CPU.Build.0 = DVD-5
		{3DC9520E-3854-4543-B767-8CD37510DD98}.Release|Any CPU.ActiveCfg = SingleImage
		{3DC9520E-3854-4543-B767-8CD37510DD98}.Release|Any CPU.Build.0 = SingleImage
		{3DC9520E-3854-4543-B767-8CD37510DD98}.SingleImage|Any CPU.ActiveCfg = SingleImage
		{3DC9520E-3854-4543-B767-8CD37510DD98}.SingleImage|Any CPU.Build.0 = SingleImage
		{3DC9520E-3854-4543-B767-8CD37510DD98}.Vu|Any CPU.ActiveCfg = SingleImage
		{3DC9520E-3854-4543-B767-8CD37510DD98}.Vu|Any CPU.Build.0 = SingleImage
	EndGlobalSection
	GlobalSection(SolutionProperties) = preSolution
		HideSolutionNode = FALSE
	EndGlobalSection
	GlobalSection(NestedProjects) = preSolution
		{00FB1668-71FE-4921-ADDD-1F457AD790A5} = {B5240816-3215-46B4-832A-A71D58FE7B62}
		{81101D2F-FBA1-461B-9CAC-60AB9FBDE267} = {6C5CA878-8FEA-4FF0-B9D1-CD69E7F1F306}
		{A177196A-EC5B-4EE3-A941-976C684216EF} = {B5240816-3215-46B4-832A-A71D58FE7B62}
		{882DEA08-6BB9-4C05-9E07-9F49F817DB02} = {6C5CA878-8FEA-4FF0-B9D1-CD69E7F1F306}
		{FC8F0027-CEE4-43FF-AE1F-3D07DB0DA098} = {6C5CA878-8FEA-4FF0-B9D1-CD69E7F1F306}
		{7E425493-F787-4A1B-84BC-026FE35AD4A4} = {3129A9C0-6FCB-442D-99D2-D7F243C7363C}
		{5D481918-2CCE-455F-8C62-E1BC7827148B} = {3129A9C0-6FCB-442D-99D2-D7F243C7363C}
		{CBB7CF77-EA43-40D2-9E83-D38424A80D1F} = {3B313FA6-0D07-4298-8957-152CF17C864B}
		{E4CEBE7E-E9FA-4864-8468-67423AE4A573} = {3B313FA6-0D07-4298-8957-152CF17C864B}
		{3DC9520E-3854-4543-B767-8CD37510DD98} = {3129A9C0-6FCB-442D-99D2-D7F243C7363C}
	EndGlobalSection
EndGlobal
